
Microsoft Visual Studio Solution File, Format Version 12.00
# Visual Studio Version 16
VisualStudioVersion = 16.0.30011.22
MinimumVisualStudioVersion = 10.0.40219.1
Project("{9A19103F-16F7-4668-BE54-9A1E7A4F7556}") = "C-Sharp_Tutorials", "..\C-Sharp_Tutorials\C-Sharp_Tutorials\C-Sharp_Tutorials.csproj", "{D95AD144-9FB0-4324-A7A2-9A4C08CBE1C7}"
EndProject
Project("{9A19103F-16F7-4668-BE54-9A1E7A4F7556}") = "ProjectA", "..\C-Sharp_Tutorials\ProjectA\ProjectA.csproj", "{B9DDE7CE-2A17-459E-9949-50F81952D5E0}"
EndProject
Project("{9A19103F-16F7-4668-BE54-9A1E7A4F7556}") = "ProjectB", "..\C-Sharp_Tutorials\ProjectB\ProjectB.csproj", "{F24669D0-AF40-4A1A-BBED-59FC2CA33A6B}"
EndProject
Global
	GlobalSection(SolutionConfigurationPlatforms) = preSolution
		Debug|Any CPU = Debug|Any CPU
		Release|Any CPU = Release|Any CPU
	EndGlobalSection
	GlobalSection(ProjectConfigurationPlatforms) = postSolution
		{D95AD144-9FB0-4324-A7A2-9A4C08CBE1C7}.Debug|Any CPU.ActiveCfg = Debug|Any CPU
		{D95AD144-9FB0-4324-A7A2-9A4C08CBE1C7}.Debug|Any CPU.Build.0 = Debug|Any CPU
		{D95AD144-9FB0-4324-A7A2-9A4C08CBE1C7}.Release|Any CPU.ActiveCfg = Release|Any CPU
		{D95AD144-9FB0-4324-A7A2-9A4C08CBE1C7}.Release|Any CPU.Build.0 = Release|Any CPU
		{B9DDE7CE-2A17-459E-9949-50F81952D5E0}.Debug|Any CPU.ActiveCfg = Debug|Any CPU
		{B9DDE7CE-2A17-459E-9949-50F81952D5E0}.Debug|Any CPU.Build.0 = Debug|Any CPU
		{B9DDE7CE-2A17-459E-9949-50F81952D5E0}.Release|Any CPU.ActiveCfg = Release|Any CPU
		{B9DDE7CE-2A17-459E-9949-50F81952D5E0}.Release|Any CPU.Build.0 = Release|Any CPU
		{F24669D0-AF40-4A1A-BBED-59FC2CA33A6B}.Debug|Any CPU.ActiveCfg = Debug|Any CPU
		{F24669D0-AF40-4A1A-BBED-59FC2CA33A6B}.Debug|Any CPU.Build.0 = Debug|Any CPU
		{F24669D0-AF40-4A1A-BBED-59FC2CA33A6B}.Release|Any CPU.ActiveCfg = Release|Any CPU
		{F24669D0-AF40-4A1A-BBED-59FC2CA33A6B}.Release|Any CPU.Build.0 = Release|Any CPU
	EndGlobalSection
	GlobalSection(SolutionProperties) = preSolution
		HideSolutionNode = FALSE
	EndGlobalSection
	GlobalSection(ExtensibilityGlobals) = postSolution
		SolutionGuid = {A24ECC6D-046F-482C-A1BA-F8D148C4DDBF}
	EndGlobalSection
EndGlobal
